PODS:
  - VietMaps (1.0.0):
    - VietMapsMobileEvents (= 0.1.0)
  - VietMapsGeocoder (1.0.0)
  - VietMapsMobileEvents (0.1.0)

DEPENDENCIES:
  - VietMaps (~> 1.0.0)
  - VietMapsGeocoder (~> 1.0.0)

SPEC REPOS:
  trunk:
    - VietMaps
    - VietMapsGeocoder
    - VietMapsMobileEvents

SPEC CHECKSUMS:
  VietMaps: 54b607cc4836f1d34ce4270e16166d1e710db1cc
  VietMapsGeocoder: ed11f04f6336d7976eeb6b5acaedb6e94e3c690e
  VietMapsMobileEvents: 346f002271cfbbbb3766258aa303f1a21c39f3db

PODFILE CHECKSUM: 74ec3cc8e34b41761dc514dd5b758885fb9cfaec

COCOAPODS: 1.9.1
